
Microsoft Visual Studio Solution File, Format Version 12.00
# Visual Studio Version 17
VisualStudioVersion = 17.0.32014.148
MinimumVisualStudioVersion = 10.0.40219.1
Project("{FAE04EC0-301F-11D3-BF4B-00C04F79EFBC}") = "CHMZ", "CHMZ.csproj", "{084D15B1-3C40-4040-996D-1F1AE6F793AF}"
EndProject
Global
	GlobalSection(SolutionConfigurationPlatforms) = preSolution
		Debug|Any CPU = Debug|Any CPU
		Release|Any CPU = Release|Any CPU
	EndGlobalSection
	GlobalSection(ProjectConfigurationPlatforms) = postSolution
		{084D15B1-3C40-4040-996D-1F1AE6F793AF}.Debug|Any CPU.ActiveCfg = Debug|Any CPU
		{084D15B1-3C40-4040-996D-1F1AE6F793AF}.Debug|Any CPU.Build.0 = Debug|Any CPU
		{084D15B1-3C40-4040-996D-1F1AE6F793AF}.Release|Any CPU.ActiveCfg = Release|Any CPU
		{084D15B1-3C40-4040-996D-1F1AE6F793AF}.Release|Any CPU.Build.0 = Release|Any CPU
	EndGlobalSection
	GlobalSection(SolutionProperties) = preSolution
		HideSolutionNode = FALSE
	EndGlobalSection
	GlobalSection(ExtensibilityGlobals) = postSolution
		SolutionGuid = {84878F35-327D-40C0-A07B-0CB0EF6A0583}
	EndGlobalSection
EndGlobal
